
Microsoft Visual Studio Solution File, Format Version 12.00
# Visual Studio Version 16
VisualStudioVersion = 16.0.30114.128
MinimumVisualStudioVersion = 10.0.40219.1
Project("{FAE04EC0-301F-11D3-BF4B-00C04F79EFBC}") = "GuessNumber.Android", "GuessNumber\GuessNumber.Android\GuessNumber.Android.csproj", "{8D6423D8-E476-4184-8235-B64A3A73D17A}"
EndProject
Project("{FAE04EC0-301F-11D3-BF4B-00C04F79EFBC}") = "GuessNumber.iOS", "GuessNumber\GuessNumber.iOS\GuessNumber.iOS.csproj", "{A1DC47B7-DEC8-4400-91C4-9239B7C505AD}"
EndProject
Project("{FAE04EC0-301F-11D3-BF4B-00C04F79EFBC}") = "GuessNumber", "GuessNumber\GuessNumber\GuessNumber.csproj", "{DCACA49D-41DB-4BB4-91ED-6D9719464246}"
EndProject
Global
	GlobalSection(SolutionConfigurationPlatforms) = preSolution
		Debug|Any CPU = Debug|Any CPU
		Debug|iPhone = Debug|iPhone
		Debug|iPhoneSimulator = Debug|iPhoneSimulator
		Release|Any CPU = Release|Any CPU
		Release|iPhone = Release|iPhone
		Release|iPhoneSimulator = Release|iPhoneSimulator
	EndGlobalSection
	GlobalSection(ProjectConfigurationPlatforms) = postSolution
		{8D6423D8-E476-4184-8235-B64A3A73D17A}.Debug|Any CPU.ActiveCfg = Debug|Any CPU
		{8D6423D8-E476-4184-8235-B64A3A73D17A}.Debug|Any CPU.Build.0 = Debug|Any CPU
		{8D6423D8-E476-4184-8235-B64A3A73D17A}.Debug|Any CPU.Deploy.0 = Debug|Any CPU
		{8D6423D8-E476-4184-8235-B64A3A73D17A}.Debug|iPhone.ActiveCfg = Debug|Any CPU
		{8D6423D8-E476-4184-8235-B64A3A73D17A}.Debug|iPhone.Build.0 = Debug|Any CPU
		{8D6423D8-E476-4184-8235-B64A3A73D17A}.Debug|iPhone.Deploy.0 = Debug|Any CPU
		{8D6423D8-E476-4184-8235-B64A3A73D17A}.Debug|iPhoneSimulator.ActiveCfg = Debug|Any CPU
		{8D6423D8-E476-4184-8235-B64A3A73D17A}.Debug|iPhoneSimulator.Build.0 = Debug|Any CPU
		{8D6423D8-E476-4184-8235-B64A3A73D17A}.Debug|iPhoneSimulator.Deploy.0 = Debug|Any CPU
		{8D6423D8-E476-4184-8235-B64A3A73D17A}.Release|Any CPU.ActiveCfg = Release|Any CPU
		{8D6423D8-E476-4184-8235-B64A3A73D17A}.Release|Any CPU.Build.0 = Release|Any CPU
		{8D6423D8-E476-4184-8235-B64A3A73D17A}.Release|Any CPU.Deploy.0 = Release|Any CPU
		{8D6423D8-E476-4184-8235-B64A3A73D17A}.Release|iPhone.ActiveCfg = Release|Any CPU
		{8D6423D8-E476-4184-8235-B64A3A73D17A}.Release|iPhone.Build.0 = Release|Any CPU
		{8D6423D8-E476-4184-8235-B64A3A73D17A}.Release|iPhone.Deploy.0 = Release|Any CPU
		{8D6423D8-E476-4184-8235-B64A3A73D17A}.Release|iPhoneSimulator.ActiveCfg = Release|Any CPU
		{8D6423D8-E476-4184-8235-B64A3A73D17A}.Release|iPhoneSimulator.Build.0 = Release|Any CPU
		{8D6423D8-E476-4184-8235-B64A3A73D17A}.Release|iPhoneSimulator.Deploy.0 = Release|Any CPU
		{A1DC47B7-DEC8-4400-91C4-9239B7C505AD}.Debug|Any CPU.ActiveCfg = Debug|iPhone
		{A1DC47B7-DEC8-4400-91C4-9239B7C505AD}.Debug|Any CPU.Build.0 = Debug|iPhone
		{A1DC47B7-DEC8-4400-91C4-9239B7C505AD}.Debug|Any CPU.Deploy.0 = Debug|iPhone
		{A1DC47B7-DEC8-4400-91C4-9239B7C505AD}.Debug|iPhone.ActiveCfg = Debug|iPhone
		{A1DC47B7-DEC8-4400-91C4-9239B7C505AD}.Debug|iPhone.Build.0 = Debug|iPhone
		{A1DC47B7-DEC8-4400-91C4-9239B7C505AD}.Debug|iPhone.Deploy.0 = Debug|iPhone
		{A1DC47B7-DEC8-4400-91C4-9239B7C505AD}.Debug|iPhoneSimulator.ActiveCfg = Debug|iPhoneSimulator
		{A1DC47B7-DEC8-4400-91C4-9239B7C505AD}.Debug|iPhoneSimulator.Build.0 = Debug|iPhoneSimulator
		{A1DC47B7-DEC8-4400-91C4-9239B7C505AD}.Debug|iPhoneSimulator.Deploy.0 = Debug|iPhoneSimulator
		{A1DC47B7-DEC8-4400-91C4-9239B7C505AD}.Release|Any CPU.ActiveCfg = Release|iPhone
		{A1DC47B7-DEC8-4400-91C4-9239B7C505AD}.Release|Any CPU.Build.0 = Release|iPhone
		{A1DC47B7-DEC8-4400-91C4-9239B7C505AD}.Release|Any CPU.Deploy.0 = Release|iPhone
		{A1DC47B7-DEC8-4400-91C4-9239B7C505AD}.Release|iPhone.ActiveCfg = Release|iPhone
		{A1DC47B7-DEC8-4400-91C4-9239B7C505AD}.Release|iPhone.Build.0 = Release|iPhone
		{A1DC47B7-DEC8-4400-91C4-9239B7C505AD}.Release|iPhone.Deploy.0 = Release|iPhone
		{A1DC47B7-DEC8-4400-91C4-9239B7C505AD}.Release|iPhoneSimulator.ActiveCfg = Release|iPhoneSimulator
		{A1DC47B7-DEC8-4400-91C4-9239B7C505AD}.Release|iPhoneSimulator.Build.0 = Release|iPhoneSimulator
		{A1DC47B7-DEC8-4400-91C4-9239B7C505AD}.Release|iPhoneSimulator.Deploy.0 = Release|iPhoneSimulator
		{DCACA49D-41DB-4BB4-91ED-6D9719464246}.Debug|Any CPU.ActiveCfg = Debug|Any CPU
		{DCACA49D-41DB-4BB4-91ED-6D9719464246}.Debug|Any CPU.Build.0 = Debug|Any CPU
		{DCACA49D-41DB-4BB4-91ED-6D9719464246}.Debug|Any CPU.Deploy.0 = Debug|Any CPU
		{DCACA49D-41DB-4BB4-91ED-6D9719464246}.Debug|iPhone.ActiveCfg = Debug|Any CPU
		{DCACA49D-41DB-4BB4-91ED-6D9719464246}.Debug|iPhone.Build.0 = Debug|Any CPU
		{DCACA49D-41DB-4BB4-91ED-6D9719464246}.Debug|iPhone.Deploy.0 = Debug|Any CPU
		{DCACA49D-41DB-4BB4-91ED-6D9719464246}.Debug|iPhoneSimulator.ActiveCfg = Debug|Any CPU
		{DCACA49D-41DB-4BB4-91ED-6D9719464246}.Debug|iPhoneSimulator.Build.0 = Debug|Any CPU
		{DCACA49D-41DB-4BB4-91ED-6D9719464246}.Debug|iPhoneSimulator.Deploy.0 = Debug|Any CPU
		{DCACA49D-41DB-4BB4-91ED-6D9719464246}.Release|Any CPU.ActiveCfg = Release|Any CPU
		{DCACA49D-41DB-4BB4-91ED-6D9719464246}.Release|Any CPU.Build.0 = Release|Any CPU
		{DCACA49D-41DB-4BB4-91ED-6D9719464246}.Release|Any CPU.Deploy.0 = Release|Any CPU
		{DCACA49D-41DB-4BB4-91ED-6D9719464246}.Release|iPhone.ActiveCfg = Release|Any CPU
		{DCACA49D-41DB-4BB4-91ED-6D9719464246}.Release|iPhone.Build.0 = Release|Any CPU
		{DCACA49D-41DB-4BB4-91ED-6D9719464246}.Release|iPhone.Deploy.0 = Release|Any CPU
		{DCACA49D-41DB-4BB4-91ED-6D9719464246}.Release|iPhoneSimulator.ActiveCfg = Release|Any CPU
		{DCACA49D-41DB-4BB4-91ED-6D9719464246}.Release|iPhoneSimulator.Build.0 = Release|Any CPU
		{DCACA49D-41DB-4BB4-91ED-6D9719464246}.Release|iPhoneSimulator.Deploy.0 = Release|Any CPU
	EndGlobalSection
	GlobalSection(SolutionProperties) = preSolution
		HideSolutionNode = FALSE
	EndGlobalSection
	GlobalSection(ExtensibilityGlobals) = postSolution
		SolutionGuid = {07FF50DF-3EAE-413F-AE80-C797FB38C8DF}
	EndGlobalSection
EndGlobal
